
Microsoft Visual Studio Solution File, Format Version 12.00
# Visual Studio Version 17
VisualStudioVersion = 17.1.32407.343
MinimumVisualStudioVersion = 10.0.40219.1
Project("{FAE04EC0-301F-11D3-BF4B-00C04F79EFBC}") = "CrawComicData", "CrawComicData\CrawComicData.csproj", "{9812249C-A921-4257-BDF3-87A5500318DA}"
EndProject
Global
	GlobalSection(SolutionConfigurationPlatforms) = preSolution
		Debug|Any CPU = Debug|Any CPU
		Release|Any CPU = Release|Any CPU
	EndGlobalSection
	GlobalSection(ProjectConfigurationPlatforms) = postSolution
		{9812249C-A921-4257-BDF3-87A5500318DA}.Debug|Any CPU.ActiveCfg = Debug|Any CPU
		{9812249C-A921-4257-BDF3-87A5500318DA}.Debug|Any CPU.Build.0 = Debug|Any CPU
		{9812249C-A921-4257-BDF3-87A5500318DA}.Release|Any CPU.ActiveCfg = Release|Any CPU
		{9812249C-A921-4257-BDF3-87A5500318DA}.Release|Any CPU.Build.0 = Release|Any CPU
	EndGlobalSection
	GlobalSection(SolutionProperties) = preSolution
		HideSolutionNode = FALSE
	EndGlobalSection
	GlobalSection(ExtensibilityGlobals) = postSolution
		SolutionGuid = {79640321-7F7F-493A-9A4F-B330E791F323}
	EndGlobalSection
EndGlobal
